
Microsoft Visual Studio Solution File, Format Version 12.00
# Visual Studio 15
VisualStudioVersion = 15.0.27703.2000
MinimumVisualStudioVersion = 10.0.40219.1
Project("{9A19103F-16F7-4668-BE54-9A1E7A4F7556}") = "StateOfNeo.Server", "StateOfNeo.Server\StateOfNeo.Server.csproj", "{FB3D33E4-711D-4C56-B5D3-9FB14C2AD502}"
EndProject
Project("{2150E333-8FDC-42A3-9474-1A3956D46DE8}") = "web", "web", "{143227BD-B2A8-4010-BA38-7FE5ECB46880}"
EndProject
Project("{2150E333-8FDC-42A3-9474-1A3956D46DE8}") = "data", "data", "{CD261440-6435-45B6-84A5-60FD1D9E656A}"
EndProject
Project("{2150E333-8FDC-42A3-9474-1A3956D46DE8}") = "common", "common", "{C43260D5-F0D9-4722-A5FF-AAA58A19CB72}"
EndProject
Project("{9A19103F-16F7-4668-BE54-9A1E7A4F7556}") = "StateOfNeo.ViewModels", "StateOfNeo.ViewModels\StateOfNeo.ViewModels.csproj", "{26E4D68B-E5AC-466B-B23E-092D6D7ABA40}"
EndProject
Project("{9A19103F-16F7-4668-BE54-9A1E7A4F7556}") = "StateOfNeo.Common", "StateOfNeo.Common\StateOfNeo.Common.csproj", "{36A78CDB-9265-4573-B349-8EB65C79605D}"
EndProject
Project("{9A19103F-16F7-4668-BE54-9A1E7A4F7556}") = "StateOfNeo.Data", "StateOfNeo.Data\StateOfNeo.Data.csproj", "{DD0351E7-6DDF-4863-B934-808A655A08F3}"
EndProject
Project("{9A19103F-16F7-4668-BE54-9A1E7A4F7556}") = "StateOfNeo.Data.Models", "StateOfNeo.Data.Models\StateOfNeo.Data.Models.csproj", "{DDE7B849-7852-4DAB-9168-220663098BE6}"
EndProject
Project("{9A19103F-16F7-4668-BE54-9A1E7A4F7556}") = "StateOfNeo.Infrastructure", "StateOfNeo.Infrastructure\StateOfNeo.Infrastructure.csproj", "{BDC05DA2-6835-4D9C-A958-7B112D608846}"
EndProject
Project("{9A19103F-16F7-4668-BE54-9A1E7A4F7556}") = "StateOfNeo.Data.Common", "StateOfNeo.Data.Common\StateOfNeo.Data.Common.csproj", "{325FB6DE-BFA8-4B31-AAAF-4884EDECE878}"
EndProject
Project("{9A19103F-16F7-4668-BE54-9A1E7A4F7556}") = "StateOfNeo.Services", "StateOfNeo.Services\StateOfNeo.Services.csproj", "{364C77B9-6904-4231-A6C6-6F3A29B40DF6}"
EndProject
Project("{2150E333-8FDC-42A3-9474-1A3956D46DE8}") = "utils", "utils", "{C1F504D2-DCA2-448E-98DA-29C48E08397D}"
EndProject
Project("{9A19103F-16F7-4668-BE54-9A1E7A4F7556}") = "MissingStampsFiller", "MissingStampsFiller\MissingStampsFiller.csproj", "{323DA6BE-DD14-4037-9897-0C6294C32B51}"
EndProject
Global
	GlobalSection(SolutionConfigurationPlatforms) = preSolution
		Debug|Any CPU = Debug|Any CPU
		Debug|x64 = Debug|x64
		Debug|x86 = Debug|x86
		Release|Any CPU = Release|Any CPU
		Release|x64 = Release|x64
		Release|x86 = Release|x86
	EndGlobalSection
	GlobalSection(ProjectConfigurationPlatforms) = postSolution
		{FB3D33E4-711D-4C56-B5D3-9FB14C2AD502}.Debug|Any CPU.ActiveCfg = Debug|Any CPU
		{FB3D33E4-711D-4C56-B5D3-9FB14C2AD502}.Debug|Any CPU.Build.0 = Debug|Any CPU
		{FB3D33E4-711D-4C56-B5D3-9FB14C2AD502}.Debug|x64.ActiveCfg = Debug|x64
		{FB3D33E4-711D-4C56-B5D3-9FB14C2AD502}.Debug|x64.Build.0 = Debug|x64
		{FB3D33E4-711D-4C56-B5D3-9FB14C2AD502}.Debug|x86.ActiveCfg = Debug|x86
		{FB3D33E4-711D-4C56-B5D3-9FB14C2AD502}.Debug|x86.Build.0 = Debug|x86
		{FB3D33E4-711D-4C56-B5D3-9FB14C2AD502}.Release|Any CPU.ActiveCfg = Release|Any CPU
		{FB3D33E4-711D-4C56-B5D3-9FB14C2AD502}.Release|Any CPU.Build.0 = Release|Any CPU
		{FB3D33E4-711D-4C56-B5D3-9FB14C2AD502}.Release|x64.ActiveCfg = Release|x64
		{FB3D33E4-711D-4C56-B5D3-9FB14C2AD502}.Release|x64.Build.0 = Release|x64
		{FB3D33E4-711D-4C56-B5D3-9FB14C2AD502}.Release|x86.ActiveCfg = Release|x86
		{FB3D33E4-711D-4C56-B5D3-9FB14C2AD502}.Release|x86.Build.0 = Release|x86
		{26E4D68B-E5AC-466B-B23E-092D6D7ABA40}.Debug|Any CPU.ActiveCfg = Debug|Any CPU
		{26E4D68B-E5AC-466B-B23E-092D6D7ABA40}.Debug|Any CPU.Build.0 = Debug|Any CPU
		{26E4D68B-E5AC-466B-B23E-092D6D7ABA40}.Debug|x64.ActiveCfg = Debug|x64
		{26E4D68B-E5AC-466B-B23E-092D6D7ABA40}.Debug|x64.Build.0 = Debug|x64
		{26E4D68B-E5AC-466B-B23E-092D6D7ABA40}.Debug|x86.ActiveCfg = Debug|x86
		{26E4D68B-E5AC-466B-B23E-092D6D7ABA40}.Debug|x86.Build.0 = Debug|x86
		{26E4D68B-E5AC-466B-B23E-092D6D7ABA40}.Release|Any CPU.ActiveCfg = Release|Any CPU
		{26E4D68B-E5AC-466B-B23E-092D6D7ABA40}.Release|Any CPU.Build.0 = Release|Any CPU
		{26E4D68B-E5AC-466B-B23E-092D6D7ABA40}.Release|x64.ActiveCfg = Release|x64
		{26E4D68B-E5AC-466B-B23E-092D6D7ABA40}.Release|x64.Build.0 = Release|x64
		{26E4D68B-E5AC-466B-B23E-092D6D7ABA40}.Release|x86.ActiveCfg = Release|x86
		{26E4D68B-E5AC-466B-B23E-092D6D7ABA40}.Release|x86.Build.0 = Release|x86
		{36A78CDB-9265-4573-B349-8EB65C79605D}.Debug|Any CPU.ActiveCfg = Debug|Any CPU
		{36A78CDB-9265-4573-B349-8EB65C79605D}.Debug|Any CPU.Build.0 = Debug|Any CPU
		{36A78CDB-9265-4573-B349-8EB65C79605D}.Debug|x64.ActiveCfg = Debug|x64
		{36A78CDB-9265-4573-B349-8EB65C79605D}.Debug|x64.Build.0 = Debug|x64
		{36A78CDB-9265-4573-B349-8EB65C79605D}.Debug|x86.ActiveCfg = Debug|x86
		{36A78CDB-9265-4573-B349-8EB65C79605D}.Debug|x86.Build.0 = Debug|x86
		{36A78CDB-9265-4573-B349-8EB65C79605D}.Release|Any CPU.ActiveCfg = Release|Any CPU
		{36A78CDB-9265-4573-B349-8EB65C79605D}.Release|Any CPU.Build.0 = Release|Any CPU
		{36A78CDB-9265-4573-B349-8EB65C79605D}.Release|x64.ActiveCfg = Release|x64
		{36A78CDB-9265-4573-B349-8EB65C79605D}.Release|x64.Build.0 = Release|x64
		{36A78CDB-9265-4573-B349-8EB65C79605D}.Release|x86.ActiveCfg = Release|x86
		{36A78CDB-9265-4573-B349-8EB65C79605D}.Release|x86.Build.0 = Release|x86
		{DD0351E7-6DDF-4863-B934-808A655A08F3}.Debug|Any CPU.ActiveCfg = Debug|Any CPU
		{DD0351E7-6DDF-4863-B934-808A655A08F3}.Debug|Any CPU.Build.0 = Debug|Any CPU
		{DD0351E7-6DDF-4863-B934-808A655A08F3}.Debug|x64.ActiveCfg = Debug|x64
		{DD0351E7-6DDF-4863-B934-808A655A08F3}.Debug|x64.Build.0 = Debug|x64
		{DD0351E7-6DDF-4863-B934-808A655A08F3}.Debug|x86.ActiveCfg = Debug|x86
		{DD0351E7-6DDF-4863-B934-808A655A08F3}.Debug|x86.Build.0 = Debug|x86
		{DD0351E7-6DDF-4863-B934-808A655A08F3}.Release|Any CPU.ActiveCfg = Release|Any CPU
		{DD0351E7-6DDF-4863-B934-808A655A08F3}.Release|Any CPU.Build.0 = Release|Any CPU
		{DD0351E7-6DDF-4863-B934-808A655A08F3}.Release|x64.ActiveCfg = Release|x64
		{DD0351E7-6DDF-4863-B934-808A655A08F3}.Release|x64.Build.0 = Release|x64
		{DD0351E7-6DDF-4863-B934-808A655A08F3}.Release|x86.ActiveCfg = Release|x86
		{DD0351E7-6DDF-4863-B934-808A655A08F3}.Release|x86.Build.0 = Release|x86
		{DDE7B849-7852-4DAB-9168-220663098BE6}.Debug|Any CPU.ActiveCfg = Debug|Any CPU
		{DDE7B849-7852-4DAB-9168-220663098BE6}.Debug|Any CPU.Build.0 = Debug|Any CPU
		{DDE7B849-7852-4DAB-9168-220663098BE6}.Debug|x64.ActiveCfg = Debug|x64
		{DDE7B849-7852-4DAB-9168-220663098BE6}.Debug|x64.Build.0 = Debug|x64
		{DDE7B849-7852-4DAB-9168-220663098BE6}.Debug|x86.ActiveCfg = Debug|x86
		{DDE7B849-7852-4DAB-9168-220663098BE6}.Debug|x86.Build.0 = Debug|x86
		{DDE7B849-7852-4DAB-9168-220663098BE6}.Release|Any CPU.ActiveCfg = Release|Any CPU
		{DDE7B849-7852-4DAB-9168-220663098BE6}.Release|Any CPU.Build.0 = Release|Any CPU
		{DDE7B849-7852-4DAB-9168-220663098BE6}.Release|x64.ActiveCfg = Release|x64
		{DDE7B849-7852-4DAB-9168-220663098BE6}.Release|x64.Build.0 = Release|x64
		{DDE7B849-7852-4DAB-9168-220663098BE6}.Release|x86.ActiveCfg = Release|x86
		{DDE7B849-7852-4DAB-9168-220663098BE6}.Release|x86.Build.0 = Release|x86
		{BDC05DA2-6835-4D9C-A958-7B112D608846}.Debug|Any CPU.ActiveCfg = Debug|Any CPU
		{BDC05DA2-6835-4D9C-A958-7B112D608846}.Debug|Any CPU.Build.0 = Debug|Any CPU
		{BDC05DA2-6835-4D9C-A958-7B112D608846}.Debug|x64.ActiveCfg = Debug|x64
		{BDC05DA2-6835-4D9C-A958-7B112D608846}.Debug|x64.Build.0 = Debug|x64
		{BDC05DA2-6835-4D9C-A958-7B112D608846}.Debug|x86.ActiveCfg = Debug|x86
		{BDC05DA2-6835-4D9C-A958-7B112D608846}.Debug|x86.Build.0 = Debug|x86
		{BDC05DA2-6835-4D9C-A958-7B112D608846}.Release|Any CPU.ActiveCfg = Release|Any CPU
		{BDC05DA2-6835-4D9C-A958-7B112D608846}.Release|Any CPU.Build.0 = Release|Any CPU
		{BDC05DA2-6835-4D9C-A958-7B112D608846}.Release|x64.ActiveCfg = Release|x64
		{BDC05DA2-6835-4D9C-A958-7B112D608846}.Release|x64.Build.0 = Release|x64
		{BDC05DA2-6835-4D9C-A958-7B112D608846}.Release|x86.ActiveCfg = Release|x86
		{BDC05DA2-6835-4D9C-A958-7B112D608846}.Release|x86.Build.0 = Release|x86
		{364C77B9-6904-4231-A6C6-6F3A29B40DF6}.Debug|Any CPU.ActiveCfg = Debug|Any CPU
		{364C77B9-6904-4231-A6C6-6F3A29B40DF6}.Debug|Any CPU.Build.0 = Debug|Any CPU
		{364C77B9-6904-4231-A6C6-6F3A29B40DF6}.Debug|x64.ActiveCfg = Debug|Any CPU
		{364C77B9-6904-4231-A6C6-6F3A29B40DF6}.Debug|x64.Build.0 = Debug|Any CPU
		{364C77B9-6904-4231-A6C6-6F3A29B40DF6}.Debug|x86.ActiveCfg = Debug|Any CPU
		{364C77B9-6904-4231-A6C6-6F3A29B40DF6}.Debug|x86.Build.0 = Debug|Any CPU
		{364C77B9-6904-4231-A6C6-6F3A29B40DF6}.Release|Any CPU.ActiveCfg = Release|Any CPU
		{364C77B9-6904-4231-A6C6-6F3A29B40DF6}.Release|Any CPU.Build.0 = Release|Any CPU
		{364C77B9-6904-4231-A6C6-6F3A29B40DF6}.Release|x64.ActiveCfg = Release|Any CPU
		{364C77B9-6904-4231-A6C6-6F3A29B40DF6}.Release|x64.Build.0 = Release|Any CPU
		{364C77B9-6904-4231-A6C6-6F3A29B40DF6}.Release|x86.ActiveCfg = Release|Any CPU
		{364C77B9-6904-4231-A6C6-6F3A29B40DF6}.Release|x86.Build.0 = Release|Any CPU
		{323DA6BE-DD14-4037-9897-0C6294C32B51}.Debug|Any CPU.ActiveCfg = Debug|Any CPU
		{323DA6BE-DD14-4037-9897-0C6294C32B51}.Debug|Any CPU.Build.0 = Debug|Any CPU
		{323DA6BE-DD14-4037-9897-0C6294C32B51}.Debug|x64.ActiveCfg = Debug|Any CPU
		{323DA6BE-DD14-4037-9897-0C6294C32B51}.Debug|x64.Build.0 = Debug|Any CPU
		{323DA6BE-DD14-4037-9897-0C6294C32B51}.Debug|x86.ActiveCfg = Debug|Any CPU
		{323DA6BE-DD14-4037-9897-0C6294C32B51}.Debug|x86.Build.0 = Debug|Any CPU
		{323DA6BE-DD14-4037-9897-0C6294C32B51}.Release|Any CPU.ActiveCfg = Release|Any CPU
		{323DA6BE-DD14-4037-9897-0C6294C32B51}.Release|Any CPU.Build.0 = Release|Any CPU
		{323DA6BE-DD14-4037-9897-0C6294C32B51}.Release|x64.ActiveCfg = Release|Any CPU
		{323DA6BE-DD14-4037-9897-0C6294C32B51}.Release|x64.Build.0 = Release|Any CPU
		{323DA6BE-DD14-4037-9897-0C6294C32B51}.Release|x86.ActiveCfg = Release|Any CPU
		{323DA6BE-DD14-4037-9897-0C6294C32B51}.Release|x86.Build.0 = Release|Any CPU
	EndGlobalSection
	GlobalSection(SolutionProperties) = preSolution
		HideSolutionNode = FALSE
	EndGlobalSection
	GlobalSection(NestedProjects) = preSolution
		{FB3D33E4-711D-4C56-B5D3-9FB14C2AD502} = {143227BD-B2A8-4010-BA38-7FE5ECB46880}
		{26E4D68B-E5AC-466B-B23E-092D6D7ABA40} = {143227BD-B2A8-4010-BA38-7FE5ECB46880}
		{36A78CDB-9265-4573-B349-8EB65C79605D} = {C43260D5-F0D9-4722-A5FF-AAA58A19CB72}
		{DD0351E7-6DDF-4863-B934-808A655A08F3} = {CD261440-6435-45B6-84A5-60FD1D9E656A}
		{DDE7B849-7852-4DAB-9168-220663098BE6} = {CD261440-6435-45B6-84A5-60FD1D9E656A}
		{BDC05DA2-6835-4D9C-A958-7B112D608846} = {CD261440-6435-45B6-84A5-60FD1D9E656A}
		{364C77B9-6904-4231-A6C6-6F3A29B40DF6} = {143227BD-B2A8-4010-BA38-7FE5ECB46880}
		{323DA6BE-DD14-4037-9897-0C6294C32B51} = {C1F504D2-DCA2-448E-98DA-29C48E08397D}
	EndGlobalSection
	GlobalSection(ExtensibilityGlobals) = postSolution
		SolutionGuid = {FC6B077E-E745-4166-B951-9C4A5DD98263}
	EndGlobalSection
EndGlobal
